Microsoft Visual Studio Solution File, Format Version 11.00
# Visual Studio 2008

Project("{FD096F67-B292-576B-32CC-9B0631571CD8}") = "helibird", "Assembly-CSharp.csproj", "{601186F9-7E42-5F06-820B-EE343C0B1AE0}"
EndProject
Project("{FD096F67-B292-576B-32CC-9B0631571CD8}") = "helibird", "Assembly-CSharp-Editor.csproj", "{2E7150E3-5245-E916-1120-E51A5A559B4E}"
EndProject
Global
	GlobalSection(SolutionConfigurationPlatforms) = preSolution
		Debug|Any CPU = Debug|Any CPU
		Release|Any CPU = Release|Any CPU
	EndGlobalSection
	GlobalSection(ProjectConfigurationPlatforms) = postSolution
		{601186F9-7E42-5F06-820B-EE343C0B1AE0}.Debug|Any CPU.ActiveCfg = Debug|Any CPU
		{601186F9-7E42-5F06-820B-EE343C0B1AE0}.Debug|Any CPU.Build.0 = Debug|Any CPU
		{601186F9-7E42-5F06-820B-EE343C0B1AE0}.Release|Any CPU.ActiveCfg = Release|Any CPU
		{601186F9-7E42-5F06-820B-EE343C0B1AE0}.Release|Any CPU.Build.0 = Release|Any CPU
		{2E7150E3-5245-E916-1120-E51A5A559B4E}.Debug|Any CPU.ActiveCfg = Debug|Any CPU
		{2E7150E3-5245-E916-1120-E51A5A559B4E}.Debug|Any CPU.Build.0 = Debug|Any CPU
		{2E7150E3-5245-E916-1120-E51A5A559B4E}.Release|Any CPU.ActiveCfg = Release|Any CPU
		{2E7150E3-5245-E916-1120-E51A5A559B4E}.Release|Any CPU.Build.0 = Release|Any CPU
	EndGlobalSection
	GlobalSection(SolutionProperties) = preSolution
		HideSolutionNode = FALSE
	EndGlobalSection
	GlobalSection(MonoDevelopProperties) = preSolution
		StartupItem = Assembly-CSharp.csproj
	EndGlobalSection
EndGlobal
